// !$*UTF8*$!
{
	archiveVersion = 1;
	classes = {
	};
	objectVersion = 50;
	objects = {

/* Begin PBXBuildFile section */
		4A0D4ADB26768C520024B536 /* CocktailCoreDataService.swift in Sources */ = {isa = PBXBuildFile; fileRef = 4A0D4ADA26768C520024B536 /* CocktailCoreDataService.swift */; };
		4A27589E266C4D6A00CD3506 /* DrinklTableViewCell.swift in Sources */ = {isa = PBXBuildFile; fileRef = 4A27589C266C4D6A00CD3506 /* DrinklTableViewCell.swift */; };
		4A27589F266C4D6A00CD3506 /* DrinklTableViewCell.xib in Resources */ = {isa = PBXBuildFile; fileRef = 4A27589D266C4D6A00CD3506 /* DrinklTableViewCell.xib */; };
		4A30571D2665A82C00980D07 /* HomePageTableViewController.swift in Sources */ = {isa = PBXBuildFile; fileRef = 4A30571C2665A82C00980D07 /* HomePageTableViewController.swift */; };
		4A3057202665BF0200980D07 /* DrinkDetailViewController.swift in Sources */ = {isa = PBXBuildFile; fileRef = 4A30571F2665BF0200980D07 /* DrinkDetailViewController.swift */; };
		4A3057232665C61900980D07 /* SearchPageViewController.swift in Sources */ = {isa = PBXBuildFile; fileRef = 4A3057222665C61900980D07 /* SearchPageViewController.swift */; };
		4A32B4A026670F4600920139 /* FavoritesViewController.swift in Sources */ = {isa = PBXBuildFile; fileRef = 4A32B49F26670F4600920139 /* FavoritesViewController.swift */; };
		4A32B4A4266ACD6600920139 /* Recipe.swift in Sources */ = {isa = PBXBuildFile; fileRef = 4A32B4A3266ACD6600920139 /* Recipe.swift */; };
		4A4F5C29266B98D300648284 /* IngredientTableViewCell.swift in Sources */ = {isa = PBXBuildFile; fileRef = 4A4F5C28266B98D300648284 /* IngredientTableViewCell.swift */; };
		4A73D44D266C1A320081952C /* ShoppingListViewController.swift in Sources */ = {isa = PBXBuildFile; fileRef = 4A73D44C266C1A320081952C /* ShoppingListViewController.swift */; };
		4A80AA7426793F11003AFB3C /* HomePageCollectionViewCell.swift in Sources */ = {isa = PBXBuildFile; fileRef = 4A80AA7226793F11003AFB3C /* HomePageCollectionViewCell.swift */; };
		4A80AA7526793F11003AFB3C /* HomePageCollectionViewCell.xib in Resources */ = {isa = PBXBuildFile; fileRef = 4A80AA7326793F11003AFB3C /* HomePageCollectionViewCell.xib */; };
		4A80AA7A2679569E003AFB3C /* HomePageTableViewCell.swift in Sources */ = {isa = PBXBuildFile; fileRef = 4A80AA782679569E003AFB3C /* HomePageTableViewCell.swift */; };
		4A80AA7B2679569E003AFB3C /* HomePageTableViewCell.xib in Resources */ = {isa = PBXBuildFile; fileRef = 4A80AA792679569E003AFB3C /* HomePageTableViewCell.xib */; };
		4A80AA7E267CEB35003AFB3C /* CategoryListingViewController.swift in Sources */ = {isa = PBXBuildFile; fileRef = 4A80AA7D267CEB35003AFB3C /* CategoryListingViewController.swift */; };
		4A9AB9B82686A95F00853ED6 /* ViewControllerExtension.swift in Sources */ = {isa = PBXBuildFile; fileRef = 4A9AB9B72686A95F00853ED6 /* ViewControllerExtension.swift */; };
		4AAFF7312662D04B003AE626 /* AppDelegate.swift in Sources */ = {isa = PBXBuildFile; fileRef = 4AAFF7302662D04B003AE626 /* AppDelegate.swift */; };
		4AAFF7332662D04B003AE626 /* SceneDelegate.swift in Sources */ = {isa = PBXBuildFile; fileRef = 4AAFF7322662D04B003AE626 /* SceneDelegate.swift */; };
		4AAFF7352662D04B003AE626 /* ViewController.swift in Sources */ = {isa = PBXBuildFile; fileRef = 4AAFF7342662D04B003AE626 /* ViewController.swift */; };
		4AAFF7382662D04B003AE626 /* Main.storyboard in Resources */ = {isa = PBXBuildFile; fileRef = 4AAFF7362662D04B003AE626 /* Main.storyboard */; };
		4AAFF73B2662D04B003AE626 /* DrinkRecipeApp.xcdatamodeld in Sources */ = {isa = PBXBuildFile; fileRef = 4AAFF7392662D04B003AE626 /* DrinkRecipeApp.xcdatamodeld */; };
		4AAFF73D2662D04C003AE626 /* Assets.xcassets in Resources */ = {isa = PBXBuildFile; fileRef = 4AAFF73C2662D04C003AE626 /* Assets.xcassets */; };
		4AAFF7402662D04C003AE626 /* LaunchScreen.storyboard in Resources */ = {isa = PBXBuildFile; fileRef = 4AAFF73E2662D04C003AE626 /* LaunchScreen.storyboard */; };
		4AAFF74C2662D0CC003AE626 /* CocktailDBResponse.swift in Sources */ = {isa = PBXBuildFile; fileRef = 4AAFF74B2662D0CC003AE626 /* CocktailDBResponse.swift */; };
		4AAFF74F2662D10D003AE626 /* Drink.swift in Sources */ = {isa = PBXBuildFile; fileRef = 4AAFF74E2662D10D003AE626 /* Drink.swift */; };
		4AAFF7532662D994003AE626 /* CocktailAPIService.swift in Sources */ = {isa = PBXBuildFile; fileRef = 4AAFF7522662D994003AE626 /* CocktailAPIService.swift */; };
		4AE28DB92682499500F7BD3C /* readme.md in Resources */ = {isa = PBXBuildFile; fileRef = 4AE28DB82682499500F7BD3C /* readme.md */; };
/* End PBXBuildFile section */

/* Begin PBXFileReference section */
		4A0D4ADA26768C520024B536 /* CocktailCoreDataService.swift */ = {isa = PBXFileReference; lastKnownFileType = sourcecode.swift; path = CocktailCoreDataService.swift; sourceTree = "<group>"; };
		4A27589C266C4D6A00CD3506 /* DrinklTableViewCell.swift */ = {isa = PBXFileReference; lastKnownFileType = sourcecode.swift; path = DrinklTableViewCell.swift; sourceTree = "<group>"; };
		4A27589D266C4D6A00CD3506 /* DrinklTableViewCell.xib */ = {isa = PBXFileReference; lastKnownFileType = file.xib; path = DrinklTableViewCell.xib; sourceTree = "<group>"; };
		4A30571C2665A82C00980D07 /* HomePageTableViewController.swift */ = {isa = PBXFileReference; lastKnownFileType = sourcecode.swift; path = HomePageTableViewController.swift; sourceTree = "<group>"; };
		4A30571F2665BF0200980D07 /* DrinkDetailViewController.swift */ = {isa = PBXFileReference; lastKnownFileType = sourcecode.swift; path = DrinkDetailViewController.swift; sourceTree = "<group>"; };
		4A3057222665C61900980D07 /* SearchPageViewController.swift */ = {isa = PBXFileReference; lastKnownFileType = sourcecode.swift; path = SearchPageViewController.swift; sourceTree = "<group>"; };
		4A32B49F26670F4600920139 /* FavoritesViewController.swift */ = {isa = PBXFileReference; lastKnownFileType = sourcecode.swift; path = FavoritesViewController.swift; sourceTree = "<group>"; };
		4A32B4A3266ACD6600920139 /* Recipe.swift */ = {isa = PBXFileReference; lastKnownFileType = sourcecode.swift; path = Recipe.swift; sourceTree = "<group>"; };
		4A4F5C28266B98D300648284 /* IngredientTableViewCell.swift */ = {isa = PBXFileReference; lastKnownFileType = sourcecode.swift; path = IngredientTableViewCell.swift; sourceTree = "<group>"; };
		4A73D44C266C1A320081952C /* ShoppingListViewController.swift */ = {isa = PBXFileReference; lastKnownFileType = sourcecode.swift; path = ShoppingListViewController.swift; sourceTree = "<group>"; };
		4A80AA7226793F11003AFB3C /* HomePageCollectionViewCell.swift */ = {isa = PBXFileReference; lastKnownFileType = sourcecode.swift; path = HomePageCollectionViewCell.swift; sourceTree = "<group>"; };
		4A80AA7326793F11003AFB3C /* HomePageCollectionViewCell.xib */ = {isa = PBXFileReference; lastKnownFileType = file.xib; path = HomePageCollectionViewCell.xib; sourceTree = "<group>"; };
		4A80AA782679569E003AFB3C /* HomePageTableViewCell.swift */ = {isa = PBXFileReference; lastKnownFileType = sourcecode.swift; path = HomePageTableViewCell.swift; sourceTree = "<group>"; };
		4A80AA792679569E003AFB3C /* HomePageTableViewCell.xib */ = {isa = PBXFileReference; lastKnownFileType = file.xib; path = HomePageTableViewCell.xib; sourceTree = "<group>"; };
		4A80AA7D267CEB35003AFB3C /* CategoryListingViewController.swift */ = {isa = PBXFileReference; lastKnownFileType = sourcecode.swift; path = CategoryListingViewController.swift; sourceTree = "<group>"; };
		4A9AB9B72686A95F00853ED6 /* ViewControllerExtension.swift */ = {isa = PBXFileReference; lastKnownFileType = sourcecode.swift; path = ViewControllerExtension.swift; sourceTree = "<group>"; };
		4AAFF72D2662D04B003AE626 /* DrinkRecipeApp.app */ = {isa = PBXFileReference; explicitFileType = wrapper.application; includeInIndex = 0; path = DrinkRecipeApp.app; sourceTree = BUILT_PRODUCTS_DIR; };
		4AAFF7302662D04B003AE626 /* AppDelegate.swift */ = {isa = PBXFileReference; lastKnownFileType = sourcecode.swift; path = AppDelegate.swift; sourceTree = "<group>"; };
		4AAFF7322662D04B003AE626 /* SceneDelegate.swift */ = {isa = PBXFileReference; lastKnownFileType = sourcecode.swift; path = SceneDelegate.swift; sourceTree = "<group>"; };
		4AAFF7342662D04B003AE626 /* ViewController.swift */ = {isa = PBXFileReference; lastKnownFileType = sourcecode.swift; path = ViewController.swift; sourceTree = "<group>"; };
		4AAFF7372662D04B003AE626 /* Base */ = {isa = PBXFileReference; lastKnownFileType = file.storyboard; name = Base; path = Base.lproj/Main.storyboard; sourceTree = "<group>"; };
		4AAFF73A2662D04B003AE626 /* DrinkRecipeApp.xcdatamodel */ = {isa = PBXFileReference; lastKnownFileType = wrapper.xcdatamodel; path = DrinkRecipeApp.xcdatamodel; sourceTree = "<group>"; };
		4AAFF73C2662D04C003AE626 /* Assets.xcassets */ = {isa = PBXFileReference; lastKnownFileType = folder.assetcatalog; path = Assets.xcassets; sourceTree = "<group>"; };
		4AAFF73F2662D04C003AE626 /* Base */ = {isa = PBXFileReference; lastKnownFileType = file.storyboard; name = Base; path = Base.lproj/LaunchScreen.storyboard; sourceTree = "<group>"; };
		4AAFF7412662D04C003AE626 /* Info.plist */ = {isa = PBXFileReference; lastKnownFileType = text.plist.xml; path = Info.plist; sourceTree = "<group>"; };
		4AAFF74B2662D0CC003AE626 /* CocktailDBResponse.swift */ = {isa = PBXFileReference; lastKnownFileType = sourcecode.swift; path = CocktailDBResponse.swift; sourceTree = "<group>"; };
		4AAFF74E2662D10D003AE626 /* Drink.swift */ = {isa = PBXFileReference; lastKnownFileType = sourcecode.swift; path = Drink.swift; sourceTree = "<group>"; };
		4AAFF7522662D994003AE626 /* CocktailAPIService.swift */ = {isa = PBXFileReference; lastKnownFileType = sourcecode.swift; path = CocktailAPIService.swift; sourceTree = "<group>"; };
		4AE28DB82682499500F7BD3C /* readme.md */ = {isa = PBXFileReference; fileEncoding = 4; lastKnownFileType = net.daringfireball.markdown; path = readme.md; sourceTree = "<group>"; };
/* End PBXFileReference section */

/* Begin PBXFrameworksBuildPhase section */
		4AAFF72A2662D04B003AE626 /* Frameworks */ = {
			isa = PBXFrameworksBuildPhase;
			buildActionMask = 2147483647;
			files = (
			);
			runOnlyForDeploymentPostprocessing = 0;
		};
/* End PBXFrameworksBuildPhase section */

/* Begin PBXGroup section */
		4A098CC12665763E002EB446 /* Controllers */ = {
			isa = PBXGroup;
			children = (
				4A30571C2665A82C00980D07 /* HomePageTableViewController.swift */,
				4A30571F2665BF0200980D07 /* DrinkDetailViewController.swift */,
				4A3057222665C61900980D07 /* SearchPageViewController.swift */,
				4A32B49F26670F4600920139 /* FavoritesViewController.swift */,
				4A73D44C266C1A320081952C /* ShoppingListViewController.swift */,
				4A80AA7D267CEB35003AFB3C /* CategoryListingViewController.swift */,
				4A9AB9B72686A95F00853ED6 /* ViewControllerExtension.swift */,
			);
			path = Controllers;
			sourceTree = "<group>";
		};
		4A098CCD266590B7002EB446 /* View */ = {
			isa = PBXGroup;
			children = (
				4A098CCE266590C3002EB446 /* Cells */,
			);
			path = View;
			sourceTree = "<group>";
		};
		4A098CCE266590C3002EB446 /* Cells */ = {
			isa = PBXGroup;
			children = (
				4A4F5C28266B98D300648284 /* IngredientTableViewCell.swift */,
				4A27589C266C4D6A00CD3506 /* DrinklTableViewCell.swift */,
				4A27589D266C4D6A00CD3506 /* DrinklTableViewCell.xib */,
				4A80AA7226793F11003AFB3C /* HomePageCollectionViewCell.swift */,
				4A80AA7326793F11003AFB3C /* HomePageCollectionViewCell.xib */,
				4A80AA782679569E003AFB3C /* HomePageTableViewCell.swift */,
				4A80AA792679569E003AFB3C /* HomePageTableViewCell.xib */,
			);
			path = Cells;
			sourceTree = "<group>";
		};
		4A32B4A2266ACD4400920139 /* Data */ = {
			isa = PBXGroup;
			children = (
				4A32B4A3266ACD6600920139 /* Recipe.swift */,
			);
			path = Data;
			sourceTree = "<group>";
		};
		4AAFF7242662D04B003AE626 = {
			isa = PBXGroup;
			children = (
				4AE28DB82682499500F7BD3C /* readme.md */,
				4AAFF72F2662D04B003AE626 /* DrinkRecipeApp */,
				4AAFF72E2662D04B003AE626 /* Products */,
			);
			sourceTree = "<group>";
		};
		4AAFF72E2662D04B003AE626 /* Products */ = {
			isa = PBXGroup;
			children = (
				4AAFF72D2662D04B003AE626 /* DrinkRecipeApp.app */,
			);
			name = Products;
			sourceTree = "<group>";
		};
		4AAFF72F2662D04B003AE626 /* DrinkRecipeApp */ = {
			isa = PBXGroup;
			children = (
				4A098CCD266590B7002EB446 /* View */,
				4A098CC12665763E002EB446 /* Controllers */,
				4AAFF7512662D96E003AE626 /* Resources */,
				4AAFF7482662D058003AE626 /* Model */,
				4AAFF7302662D04B003AE626 /* AppDelegate.swift */,
				4AAFF7322662D04B003AE626 /* SceneDelegate.swift */,
				4AAFF7342662D04B003AE626 /* ViewController.swift */,
				4AAFF7362662D04B003AE626 /* Main.storyboard */,
				4AAFF73C2662D04C003AE626 /* Assets.xcassets */,
				4AAFF73E2662D04C003AE626 /* LaunchScreen.storyboard */,
				4AAFF7412662D04C003AE626 /* Info.plist */,
				4AAFF7392662D04B003AE626 /* DrinkRecipeApp.xcdatamodeld */,
			);
			path = DrinkRecipeApp;
			sourceTree = "<group>";
		};
		4AAFF7482662D058003AE626 /* Model */ = {
			isa = PBXGroup;
			children = (
				4A32B4A2266ACD4400920139 /* Data */,
				4AAFF74A2662D07B003AE626 /* CocktailDB */,
			);
			path = Model;
			sourceTree = "<group>";
		};
		4AAFF74A2662D07B003AE626 /* CocktailDB */ = {
			isa = PBXGroup;
			children = (
				4AAFF74B2662D0CC003AE626 /* CocktailDBResponse.swift */,
				4AAFF74E2662D10D003AE626 /* Drink.swift */,
			);
			path = CocktailDB;
			sourceTree = "<group>";
		};
		4AAFF7512662D96E003AE626 /* Resources */ = {
			isa = PBXGroup;
			children = (
				4AAFF7522662D994003AE626 /* CocktailAPIService.swift */,
				4A0D4ADA26768C520024B536 /* CocktailCoreDataService.swift */,
			);
			path = Resources;
			sourceTree = "<group>";
		};
/* End PBXGroup section */

/* Begin PBXNativeTarget section */
		4AAFF72C2662D04B003AE626 /* DrinkRecipeApp */ = {
			isa = PBXNativeTarget;
			buildConfigurationList = 4AAFF7442662D04C003AE626 /* Build configuration list for PBXNativeTarget "DrinkRecipeApp" */;
			buildPhases = (
				4AAFF7292662D04B003AE626 /* Sources */,
				4AAFF72A2662D04B003AE626 /* Frameworks */,
				4AAFF72B2662D04B003AE626 /* Resources */,
			);
			buildRules = (
			);
			dependencies = (
			);
			name = DrinkRecipeApp;
			productName = DrinkRecipeApp;
			productReference = 4AAFF72D2662D04B003AE626 /* DrinkRecipeApp.app */;
			productType = "com.apple.product-type.application";
		};
/* End PBXNativeTarget section */

/* Begin PBXProject section */
		4AAFF7252662D04B003AE626 /* Project object */ = {
			isa = PBXProject;
			attributes = {
				LastSwiftUpdateCheck = 1230;
				LastUpgradeCheck = 1230;
				TargetAttributes = {
					4AAFF72C2662D04B003AE626 = {
						CreatedOnToolsVersion = 12.3;
					};
				};
			};
			buildConfigurationList = 4AAFF7282662D04B003AE626 /* Build configuration list for PBXProject "DrinkRecipeApp" */;
			compatibilityVersion = "Xcode 9.3";
			developmentRegion = en;
			hasScannedForEncodings = 0;
			knownRegions = (
				en,
				Base,
			);
			mainGroup = 4AAFF7242662D04B003AE626;
			productRefGroup = 4AAFF72E2662D04B003AE626 /* Products */;
			projectDirPath = "";
			projectRoot = "";
			targets = (
				4AAFF72C2662D04B003AE626 /* DrinkRecipeApp */,
			);
		};
/* End PBXProject section */

/* Begin PBXResourcesBuildPhase section */
		4AAFF72B2662D04B003AE626 /* Resources */ = {
			isa = PBXResourcesBuildPhase;
			buildActionMask = 2147483647;
			files = (
				4AAFF7402662D04C003AE626 /* LaunchScreen.storyboard in Resources */,
				4A80AA7526793F11003AFB3C /* HomePageCollectionViewCell.xib in Resources */,
				4AAFF73D2662D04C003AE626 /* Assets.xcassets in Resources */,
				4AAFF7382662D04B003AE626 /* Main.storyboard in Resources */,
				4A27589F266C4D6A00CD3506 /* DrinklTableViewCell.xib in Resources */,
				4AE28DB92682499500F7BD3C /* readme.md in Resources */,
				4A80AA7B2679569E003AFB3C /* HomePageTableViewCell.xib in Resources */,
			);
			runOnlyForDeploymentPostprocessing = 0;
		};
/* End PBXResourcesBuildPhase section */

/* Begin PBXSourcesBuildPhase section */
		4AAFF7292662D04B003AE626 /* Sources */ = {
			isa = PBXSourcesBuildPhase;
			buildActionMask = 2147483647;
			files = (
				4AAFF7532662D994003AE626 /* CocktailAPIService.swift in Sources */,
				4A80AA7A2679569E003AFB3C /* HomePageTableViewCell.swift in Sources */,
				4A73D44D266C1A320081952C /* ShoppingListViewController.swift in Sources */,
				4A80AA7E267CEB35003AFB3C /* CategoryListingViewController.swift in Sources */,
				4A4F5C29266B98D300648284 /* IngredientTableViewCell.swift in Sources */,
				4AAFF73B2662D04B003AE626 /* DrinkRecipeApp.xcdatamodeld in Sources */,
				4AAFF7352662D04B003AE626 /* ViewController.swift in Sources */,
				4A3057202665BF0200980D07 /* DrinkDetailViewController.swift in Sources */,
				4A9AB9B82686A95F00853ED6 /* ViewControllerExtension.swift in Sources */,
				4AAFF74C2662D0CC003AE626 /* CocktailDBResponse.swift in Sources */,
				4A3057232665C61900980D07 /* SearchPageViewController.swift in Sources */,
				4AAFF7312662D04B003AE626 /* AppDelegate.swift in Sources */,
				4AAFF74F2662D10D003AE626 /* Drink.swift in Sources */,
				4A27589E266C4D6A00CD3506 /* DrinklTableViewCell.swift in Sources */,
				4A80AA7426793F11003AFB3C /* HomePageCollectionViewCell.swift in Sources */,
				4AAFF7332662D04B003AE626 /* SceneDelegate.swift in Sources */,
				4A0D4ADB26768C520024B536 /* CocktailCoreDataService.swift in Sources */,
				4A32B4A4266ACD6600920139 /* Recipe.swift in Sources */,
				4A32B4A026670F4600920139 /* FavoritesViewController.swift in Sources */,
				4A30571D2665A82C00980D07 /* HomePageTableViewController.swift in Sources */,
			);
			runOnlyForDeploymentPostprocessing = 0;
		};
/* End PBXSourcesBuildPhase section */

/* Begin PBXVariantGroup section */
		4AAFF7362662D04B003AE626 /* Main.storyboard */ = {
			isa = PBXVariantGroup;
			children = (
				4AAFF7372662D04B003AE626 /* Base */,
			);
			name = Main.storyboard;
			sourceTree = "<group>";
		};
		4AAFF73E2662D04C003AE626 /* LaunchScreen.storyboard */ = {
			isa = PBXVariantGroup;
			children = (
				4AAFF73F2662D04C003AE626 /* Base */,
			);
			name = LaunchScreen.storyboard;
			sourceTree = "<group>";
		};
/* End PBXVariantGroup section */

/* Begin XCBuildConfiguration section */
		4AAFF7422662D04C003AE626 /* Debug */ = {
			isa = XCBuildConfiguration;
			buildSettings = {
				ALWAYS_SEARCH_USER_PATHS = NO;
				CLANG_ANALYZER_NONNULL = YES;
				CLANG_ANALYZER_NUMBER_OBJECT_CONVERSION = YES_AGGRESSIVE;
				CLANG_CXX_LANGUAGE_STANDARD = "gnu++14";
				CLANG_CXX_LIBRARY = "libc++";
				CLANG_ENABLE_MODULES = YES;
				CLANG_ENABLE_OBJC_ARC = YES;
				CLANG_ENABLE_OBJC_WEAK = YES;
				CLANG_WARN_BLOCK_CAPTURE_AUTORELEASING = YES;
				CLANG_WARN_BOOL_CONVERSION = YES;
				CLANG_WARN_COMMA = YES;
				CLANG_WARN_CONSTANT_CONVERSION = YES;
				CLANG_WARN_DEPRECATED_OBJC_IMPLEMENTATIONS = YES;
				CLANG_WARN_DIRECT_OBJC_ISA_USAGE = YES_ERROR;
				CLANG_WARN_DOCUMENTATION_COMMENTS = YES;
				CLANG_WARN_EMPTY_BODY = YES;
				CLANG_WARN_ENUM_CONVERSION = YES;
				CLANG_WARN_INFINITE_RECURSION = YES;
				CLANG_WARN_INT_CONVERSION = YES;
				CLANG_WARN_NON_LITERAL_NULL_CONVERSION = YES;
				CLANG_WARN_OBJC_IMPLICIT_RETAIN_SELF = YES;
				CLANG_WARN_OBJC_LITERAL_CONVERSION = YES;
				CLANG_WARN_OBJC_ROOT_CLASS = YES_ERROR;
				CLANG_WARN_QUOTED_INCLUDE_IN_FRAMEWORK_HEADER = YES;
				CLANG_WARN_RANGE_LOOP_ANALYSIS = YES;
				CLANG_WARN_STRICT_PROTOTYPES = YES;
				CLANG_WARN_SUSPICIOUS_MOVE = YES;
				CLANG_WARN_UNGUARDED_AVAILABILITY = YES_AGGRESSIVE;
				CLANG_WARN_UNREACHABLE_CODE = YES;
				CLANG_WARN__DUPLICATE_METHOD_MATCH = YES;
				COPY_PHASE_STRIP = NO;
				DEBUG_INFORMATION_FORMAT = dwarf;
				ENABLE_STRICT_OBJC_MSGSEND = YES;
				ENABLE_TESTABILITY = YES;
				GCC_C_LANGUAGE_STANDARD = gnu11;
				GCC_DYNAMIC_NO_PIC = NO;
				GCC_NO_COMMON_BLOCKS = YES;
				GCC_OPTIMIZATION_LEVEL = 0;
				GCC_PREPROCESSOR_DEFINITIONS = (
					"DEBUG=1",
					"$(inherited)",
				);
				GCC_WARN_64_TO_32_BIT_CONVERSION = YES;
				GCC_WARN_ABOUT_RETURN_TYPE = YES_ERROR;
				GCC_WARN_UNDECLARED_SELECTOR = YES;
				GCC_WARN_UNINITIALIZED_AUTOS = YES_AGGRESSIVE;
				GCC_WARN_UNUSED_FUNCTION = YES;
				GCC_WARN_UNUSED_VARIABLE = YES;
				IPHONEOS_DEPLOYMENT_TARGET = 14.3;
				MTL_ENABLE_DEBUG_INFO = INCLUDE_SOURCE;
				MTL_FAST_MATH = YES;
				ONLY_ACTIVE_ARCH = YES;
				SDKROOT = iphoneos;
				SWIFT_ACTIVE_COMPILATION_CONDITIONS = DEBUG;
				SWIFT_OPTIMIZATION_LEVEL = "-Onone";
			};
			name = Debug;
		};
		4AAFF7432662D04C003AE626 /* Release */ = {
			isa = XCBuildConfiguration;
			buildSettings = {
				ALWAYS_SEARCH_USER_PATHS = NO;
				CLANG_ANALYZER_NONNULL = YES;
				CLANG_ANALYZER_NUMBER_OBJECT_CONVERSION = YES_AGGRESSIVE;
				CLANG_CXX_LANGUAGE_STANDARD = "gnu++14";
				CLANG_CXX_LIBRARY = "libc++";
				CLANG_ENABLE_MODULES = YES;
				CLANG_ENABLE_OBJC_ARC = YES;
				CLANG_ENABLE_OBJC_WEAK = YES;
				CLANG_WARN_BLOCK_CAPTURE_AUTORELEASING = YES;
				CLANG_WARN_BOOL_CONVERSION = YES;
				CLANG_WARN_COMMA = YES;
				CLANG_WARN_CONSTANT_CONVERSION = YES;
				CLANG_WARN_DEPRECATED_OBJC_IMPLEMENTATIONS = YES;
				CLANG_WARN_DIRECT_OBJC_ISA_USAGE = YES_ERROR;
				CLANG_WARN_DOCUMENTATION_COMMENTS = YES;
				CLANG_WARN_EMPTY_BODY = YES;
				CLANG_WARN_ENUM_CONVERSION = YES;
				CLANG_WARN_INFINITE_RECURSION = YES;
				CLANG_WARN_INT_CONVERSION = YES;
				CLANG_WARN_NON_LITERAL_NULL_CONVERSION = YES;
				CLANG_WARN_OBJC_IMPLICIT_RETAIN_SELF = YES;
				CLANG_WARN_OBJC_LITERAL_CONVERSION = YES;
				CLANG_WARN_OBJC_ROOT_CLASS = YES_ERROR;
				CLANG_WARN_QUOTED_INCLUDE_IN_FRAMEWORK_HEADER = YES;
				CLANG_WARN_RANGE_LOOP_ANALYSIS = YES;
				CLANG_WARN_STRICT_PROTOTYPES = YES;
				CLANG_WARN_SUSPICIOUS_MOVE = YES;
				CLANG_WARN_UNGUARDED_AVAILABILITY = YES_AGGRESSIVE;
				CLANG_WARN_UNREACHABLE_CODE = YES;
				CLANG_WARN__DUPLICATE_METHOD_MATCH = YES;
				COPY_PHASE_STRIP = NO;
				DEBUG_INFORMATION_FORMAT = "dwarf-with-dsym";
				ENABLE_NS_ASSERTIONS = NO;
				ENABLE_STRICT_OBJC_MSGSEND = YES;
				GCC_C_LANGUAGE_STANDARD = gnu11;
				GCC_NO_COMMON_BLOCKS = YES;
				GCC_WARN_64_TO_32_BIT_CONVERSION = YES;
				GCC_WARN_ABOUT_RETURN_TYPE = YES_ERROR;
				GCC_WARN_UNDECLARED_SELECTOR = YES;
				GCC_WARN_UNINITIALIZED_AUTOS = YES_AGGRESSIVE;
				GCC_WARN_UNUSED_FUNCTION = YES;
				GCC_WARN_UNUSED_VARIABLE = YES;
				IPHONEOS_DEPLOYMENT_TARGET = 14.3;
				MTL_ENABLE_DEBUG_INFO = NO;
				MTL_FAST_MATH = YES;
				SDKROOT = iphoneos;
				SWIFT_COMPILATION_MODE = wholemodule;
				SWIFT_OPTIMIZATION_LEVEL = "-O";
				VALIDATE_PRODUCT = YES;
			};
			name = Release;
		};
		4AAFF7452662D04C003AE626 /* Debug */ = {
			isa = XCBuildConfiguration;
			buildSettings = {
				ASSETCATALOG_COMPILER_APPICON_NAME = AppIcon;
				ASSETCATALOG_COMPILER_GLOBAL_ACCENT_COLOR_NAME = AccentColor;
				CODE_SIGN_STYLE = Automatic;
				INFOPLIST_FILE = DrinkRecipeApp/Info.plist;
				LD_RUNPATH_SEARCH_PATHS = (
					"$(inherited)",
					"@executable_path/Frameworks",
				);
				PRODUCT_BUNDLE_IDENTIFIER = com.cary.DrinkRecipeApp;
				PRODUCT_NAME = "$(TARGET_NAME)";
				SWIFT_VERSION = 5.0;
				TARGETED_DEVICE_FAMILY = "1,2";
			};
			name = Debug;
		};
		4AAFF7462662D04C003AE626 /* Release */ = {
			isa = XCBuildConfiguration;
			buildSettings = {
				ASSETCATALOG_COMPILER_APPICON_NAME = AppIcon;
				ASSETCATALOG_COMPILER_GLOBAL_ACCENT_COLOR_NAME = AccentColor;
				CODE_SIGN_STYLE = Automatic;
				INFOPLIST_FILE = DrinkRecipeApp/Info.plist;
				LD_RUNPATH_SEARCH_PATHS = (
					"$(inherited)",
					"@executable_path/Frameworks",
				);
				PRODUCT_BUNDLE_IDENTIFIER = com.cary.DrinkRecipeApp;
				PRODUCT_NAME = "$(TARGET_NAME)";
				SWIFT_VERSION = 5.0;
				TARGETED_DEVICE_FAMILY = "1,2";
			};
			name = Release;
		};
/* End XCBuildConfiguration section */

/* Begin XCConfigurationList section */
		4AAFF7282662D04B003AE626 /* Build configuration list for PBXProject "DrinkRecipeApp" */ = {
			isa = XCConfigurationList;
			buildConfigurations = (
				4AAFF7422662D04C003AE626 /* Debug */,
				4AAFF7432662D04C003AE626 /* Release */,
			);
			defaultConfigurationIsVisible = 0;
			defaultConfigurationName = Release;
		};
		4AAFF7442662D04C003AE626 /* Build configuration list for PBXNativeTarget "DrinkRecipeApp" */ = {
			isa = XCConfigurationList;
			buildConfigurations = (
				4AAFF7452662D04C003AE626 /* Debug */,
				4AAFF7462662D04C003AE626 /* Release */,
			);
			defaultConfigurationIsVisible = 0;
			defaultConfigurationName = Release;
		};
/* End XCConfigurationList section */

/* Begin XCVersionGroup section */
		4AAFF7392662D04B003AE626 /* DrinkRecipeApp.xcdatamodeld */ = {
			isa = XCVersionGroup;
			children = (
				4AAFF73A2662D04B003AE626 /* DrinkRecipeApp.xcdatamodel */,
			);
			currentVersion = 4AAFF73A2662D04B003AE626 /* DrinkRecipeApp.xcdatamodel */;
			path = DrinkRecipeApp.xcdatamodeld;
			sourceTree = "<group>";
			versionGroupType = wrapper.xcdatamodel;
		};
/* End XCVersionGroup section */
	};
	rootObject = 4AAFF7252662D04B003AE626 /* Project object */;
}
